
Microsoft Visual Studio Solution File, Format Version 12.00
Project("{FAE04EC0-301F-11D3-BF4B-00C04F79EFBC}") = "App", "App\App.csproj", "{9CB04356-A8CB-4C5F-BF5D-8604B46FEFB1}"
EndProject
Project("{FAE04EC0-301F-11D3-BF4B-00C04F79EFBC}") = "Domain", "Domain\Domain.csproj", "{9FCABEF1-9AC8-42B2-A182-559E0D312C18}"
EndProject
Project("{FAE04EC0-301F-11D3-BF4B-00C04F79EFBC}") = "Infrastructure", "Infrastructure\Infrastructure.csproj", "{4824B1FA-3744-4215-B04C-A7A48074B46D}"
EndProject
Project("{FAE04EC0-301F-11D3-BF4B-00C04F79EFBC}") = "Test", "Test\Test.csproj", "{F8023B9C-08F3-44CE-B4BF-257156F4172E}"
EndProject
Project("{FAE04EC0-301F-11D3-BF4B-00C04F79EFBC}") = "Bll", "Bll\Bll.csproj", "{C91964B0-6F90-4F28-A82B-E650C151FB4A}"
EndProject
Project("{2150E333-8FDC-42A3-9474-1A3956D46DE8}") = "Uthef.FusionBrain", "Uthef.FusionBrain", "{123BB277-198F-4684-91A1-E692FC2C1BB5}"
EndProject
Project("{FAE04EC0-301F-11D3-BF4B-00C04F79EFBC}") = "Uthef.FusionBrain", "Uthef.FusionBrain\Uthef.FusionBrain.csproj", "{22415ABD-5650-4D7F-A5A3-7E221446BB12}"
EndProject
Global
	GlobalSection(SolutionConfigurationPlatforms) = preSolution
		Debug|Any CPU = Debug|Any CPU
		Release|Any CPU = Release|Any CPU
	EndGlobalSection
	GlobalSection(ProjectConfigurationPlatforms) = postSolution
		{9CB04356-A8CB-4C5F-BF5D-8604B46FEFB1}.Debug|Any CPU.ActiveCfg = Debug|Any CPU
		{9CB04356-A8CB-4C5F-BF5D-8604B46FEFB1}.Debug|Any CPU.Build.0 = Debug|Any CPU
		{9CB04356-A8CB-4C5F-BF5D-8604B46FEFB1}.Release|Any CPU.ActiveCfg = Release|Any CPU
		{9CB04356-A8CB-4C5F-BF5D-8604B46FEFB1}.Release|Any CPU.Build.0 = Release|Any CPU
		{9FCABEF1-9AC8-42B2-A182-559E0D312C18}.Debug|Any CPU.ActiveCfg = Debug|Any CPU
		{9FCABEF1-9AC8-42B2-A182-559E0D312C18}.Debug|Any CPU.Build.0 = Debug|Any CPU
		{9FCABEF1-9AC8-42B2-A182-559E0D312C18}.Release|Any CPU.ActiveCfg = Release|Any CPU
		{9FCABEF1-9AC8-42B2-A182-559E0D312C18}.Release|Any CPU.Build.0 = Release|Any CPU
		{4824B1FA-3744-4215-B04C-A7A48074B46D}.Debug|Any CPU.ActiveCfg = Debug|Any CPU
		{4824B1FA-3744-4215-B04C-A7A48074B46D}.Debug|Any CPU.Build.0 = Debug|Any CPU
		{4824B1FA-3744-4215-B04C-A7A48074B46D}.Release|Any CPU.ActiveCfg = Release|Any CPU
		{4824B1FA-3744-4215-B04C-A7A48074B46D}.Release|Any CPU.Build.0 = Release|Any CPU
		{F8023B9C-08F3-44CE-B4BF-257156F4172E}.Debug|Any CPU.ActiveCfg = Debug|Any CPU
		{F8023B9C-08F3-44CE-B4BF-257156F4172E}.Debug|Any CPU.Build.0 = Debug|Any CPU
		{F8023B9C-08F3-44CE-B4BF-257156F4172E}.Release|Any CPU.ActiveCfg = Release|Any CPU
		{F8023B9C-08F3-44CE-B4BF-257156F4172E}.Release|Any CPU.Build.0 = Release|Any CPU
		{C91964B0-6F90-4F28-A82B-E650C151FB4A}.Debug|Any CPU.ActiveCfg = Debug|Any CPU
		{C91964B0-6F90-4F28-A82B-E650C151FB4A}.Debug|Any CPU.Build.0 = Debug|Any CPU
		{C91964B0-6F90-4F28-A82B-E650C151FB4A}.Release|Any CPU.ActiveCfg = Release|Any CPU
		{C91964B0-6F90-4F28-A82B-E650C151FB4A}.Release|Any CPU.Build.0 = Release|Any CPU
		{22415ABD-5650-4D7F-A5A3-7E221446BB12}.Debug|Any CPU.ActiveCfg = Debug|Any CPU
		{22415ABD-5650-4D7F-A5A3-7E221446BB12}.Debug|Any CPU.Build.0 = Debug|Any CPU
		{22415ABD-5650-4D7F-A5A3-7E221446BB12}.Release|Any CPU.ActiveCfg = Release|Any CPU
		{22415ABD-5650-4D7F-A5A3-7E221446BB12}.Release|Any CPU.Build.0 = Release|Any CPU
	EndGlobalSection
	GlobalSection(NestedProjects) = preSolution
		{22415ABD-5650-4D7F-A5A3-7E221446BB12} = {123BB277-198F-4684-91A1-E692FC2C1BB5}
	EndGlobalSection
EndGlobal
